<?xml version="1.0" encoding="utf-8"?>
<Project ToolsVersion="4.0" xmlns="http://schemas.microsoft.com/developer/msbuild/2003">
  <ItemGroup>
    <Filter Include="Source Files">
      <UniqueIdentifier>{4FC737F1-C7A5-4376-A066-2A32D752A2FF}</UniqueIdentifier>
      <Extensions>cpp;c;cc;cxx;def;odl;idl;hpj;bat;asm;asmx</Extensions>
    </Filter>
    <Filter Include="Header Files">
      <UniqueIdentifier>{93995380-89BD-4b04-88EB-625FBE52EBFB}</UniqueIdentifier>
      <Extensions>h;hh;hpp;hxx;hm;inl;inc;xsd</Extensions>
    </Filter>
    <Filter Include="Resource Files">
      <UniqueIdentifier>{67DA6AB6-F800-4c08-8B7A-83BB121AAD01}</UniqueIdentifier>
      <Extensions>qrc;rc;ico;cur;bmp;dlg;rc2;rct;bin;rgs;gif;jpg;jpeg;jpe;resx;tiff;tif;png;wav;mfcribbon-ms</Extensions>
    </Filter>
    <Filter Include="Form Files">
      <UniqueIdentifier>{99349809-55BA-4b9d-BF79-8FDBB0286EB3}</UniqueIdentifier>
      <Extensions>ui</Extensions>
    </Filter>
    <Filter Include="Translation Files">
      <UniqueIdentifier>{639EADAA-A684-42e4-A9AD-28FC9BCB8F7C}</UniqueIdentifier>
      <Extensions>ts</Extensions>
    </Filter>
  </ItemGroup>
  <ItemGroup>
    <QtRcc Include="MainWindow.qrc">
      <Filter>Resource Files</Filter>
    </QtRcc>
    <QtUic Include="MainWindow.ui">
      <Filter>Form Files</Filter>
    </QtUic>
    <QtMoc Include="MainWindow.h">
      <Filter>Header Files</Filter>
    </QtMoc>
    <ClCompile Include="MainWindow.cpp">
      <Filter>Source Files</Filter>
    </ClCompile>
    <QtRcc Include="themes\dark\darkstyle.qrc">
      <Filter>Resource Files</Filter>
    </QtRcc>
    <QtRcc Include="themes\dark\framelesswindow.qrc">
      <Filter>Resource Files</Filter>
    </QtRcc>
  </ItemGroup>
  <ItemGroup>
    <ClCompile Include="main.cpp">
      <Filter>Source Files</Filter>
    </ClCompile>
    <ClCompile Include="themes\dark\DarkStyle.cpp">
      <Filter>Source Files</Filter>
    </ClCompile>
    <ClCompile Include="themes\dark\framelesswindow\framelesswindow.cpp">
      <Filter>Source Files</Filter>
    </ClCompile>
    <ClCompile Include="themes\dark\framelesswindow\windowdragger.cpp">
      <Filter>Source Files</Filter>
    </ClCompile>
    <ClCompile Include="src\log\CustomLogMessageHandler.cpp">
      <Filter>Source Files</Filter>
    </ClCompile>
    <ClCompile Include="src\settings\GlobalSettings.cpp">
      <Filter>Source Files</Filter>
    </ClCompile>
    <ClCompile Include="src\utility\Random.cpp">
      <Filter>Source Files</Filter>
    </ClCompile>
    <ClCompile Include="src\core\process\SProcess.cpp">
      <Filter>Source Files</Filter>
    </ClCompile>
    <ClCompile Include="src\core\extras\NtExtras.cpp">
      <Filter>Source Files</Filter>
    </ClCompile>
    <ClCompile Include="src\core\module\SModule.cpp">
      <Filter>Source Files</Filter>
    </ClCompile>
    <ClCompile Include="src\core\memory\SMemoryBlock.cpp">
      <Filter>Source Files</Filter>
    </ClCompile>
    <ClCompile Include="src\core\process\enum\SEnumModuleWorker.cpp">
      <Filter>Source Files</Filter>
    </ClCompile>
    <ClCompile Include="src\core\module\PE\SPEParser.cpp">
      <Filter>Source Files</Filter>
    </ClCompile>
    <ClCompile Include="src\core\module\PE\SPESection.cpp">
      <Filter>Source Files</Filter>
    </ClCompile>
    <ClCompile Include="src\core\memory\SMemoryRegion.cpp">
      <Filter>Source Files</Filter>
    </ClCompile>
    <ClCompile Include="src\GUI\process\DialogSelectProcess.cpp">
      <Filter>Source Files</Filter>
    </ClCompile>
    <ClCompile Include="src\core\SxyEngine.cpp">
      <Filter>Source Files</Filter>
    </ClCompile>
    <ClCompile Include="src\core\process\enum\SEnumProcess.cpp">
      <Filter>Source Files</Filter>
    </ClCompile>
  </ItemGroup>
  <ItemGroup>
    <QtMoc Include="themes\dark\DarkStyle.h">
      <Filter>Header Files</Filter>
    </QtMoc>
    <QtMoc Include="themes\dark\framelesswindow\framelesswindow.h">
      <Filter>Header Files</Filter>
    </QtMoc>
    <QtMoc Include="themes\dark\framelesswindow\windowdragger.h">
      <Filter>Header Files</Filter>
    </QtMoc>
    <QtMoc Include="src\core\process\SProcess.h">
      <Filter>Header Files</Filter>
    </QtMoc>
    <QtMoc Include="src\core\module\SModule.h">
      <Filter>Header Files</Filter>
    </QtMoc>
    <QtMoc Include="src\core\memory\SMemoryBlock.h">
      <Filter>Header Files</Filter>
    </QtMoc>
    <QtMoc Include="src\core\process\enum\SEnumModuleWorker.h">
      <Filter>Header Files</Filter>
    </QtMoc>
    <QtMoc Include="src\core\module\PE\SPEParser.h">
      <Filter>Header Files</Filter>
    </QtMoc>
    <QtMoc Include="src\core\module\PE\SPESection.h">
      <Filter>Header Files</Filter>
    </QtMoc>
    <QtMoc Include="src\core\memory\SMemoryRegion.h">
      <Filter>Header Files</Filter>
    </QtMoc>
    <QtMoc Include="src\GUI\process\DialogSelectProcess.h">
      <Filter>Header Files</Filter>
    </QtMoc>
    <QtMoc Include="src\core\SxyEngine.h">
      <Filter>Header Files</Filter>
    </QtMoc>
    <QtMoc Include="src\core\process\enum\SEnumProcess.h">
      <Filter>Header Files</Filter>
    </QtMoc>
  </ItemGroup>
  <ItemGroup>
    <QtUic Include="themes\dark\framelesswindow\framelesswindow.ui">
      <Filter>Form Files</Filter>
    </QtUic>
    <QtUic Include="src\GUI\process\DialogSelectProcess.ui">
      <Filter>Form Files</Filter>
    </QtUic>
  </ItemGroup>
  <ItemGroup>
    <None Include="themes\dark\darkstyle\darkstyle.qss" />
    <None Include="packages.config" />
  </ItemGroup>
  <ItemGroup>
    <Image Include="themes\dark\darkstyle\icon_branch_closed.png">
      <Filter>Resource Files</Filter>
    </Image>
    <Image Include="themes\dark\darkstyle\icon_branch_end.png">
      <Filter>Resource Files</Filter>
    </Image>
    <Image Include="themes\dark\darkstyle\icon_branch_more.png">
      <Filter>Resource Files</Filter>
    </Image>
    <Image Include="themes\dark\darkstyle\icon_branch_open.png">
      <Filter>Resource Files</Filter>
    </Image>
    <Image Include="themes\dark\darkstyle\icon_checkbox_checked.png">
      <Filter>Resource Files</Filter>
    </Image>
    <Image Include="themes\dark\darkstyle\icon_checkbox_checked_disabled.png">
      <Filter>Resource Files</Filter>
    </Image>
    <Image Include="themes\dark\darkstyle\icon_checkbox_checked_pressed.png">
      <Filter>Resource Files</Filter>
    </Image>
    <Image Include="themes\dark\darkstyle\icon_checkbox_indeterminate.png">
      <Filter>Resource Files</Filter>
    </Image>
    <Image Include="themes\dark\darkstyle\icon_checkbox_indeterminate_disabled.png">
      <Filter>Resource Files</Filter>
    </Image>
    <Image Include="themes\dark\darkstyle\icon_checkbox_indeterminate_pressed.png">
      <Filter>Resource Files</Filter>
    </Image>
    <Image Include="themes\dark\darkstyle\icon_checkbox_unchecked.png">
      <Filter>Resource Files</Filter>
    </Image>
    <Image Include="themes\dark\darkstyle\icon_checkbox_unchecked_disabled.png">
      <Filter>Resource Files</Filter>
    </Image>
    <Image Include="themes\dark\darkstyle\icon_checkbox_unchecked_pressed.png">
      <Filter>Resource Files</Filter>
    </Image>
    <Image Include="themes\dark\darkstyle\icon_close.png">
      <Filter>Resource Files</Filter>
    </Image>
    <Image Include="themes\dark\darkstyle\icon_radiobutton_checked.png">
      <Filter>Resource Files</Filter>
    </Image>
    <Image Include="themes\dark\darkstyle\icon_radiobutton_checked_disabled.png">
      <Filter>Resource Files</Filter>
    </Image>
    <Image Include="themes\dark\darkstyle\icon_radiobutton_checked_pressed.png">
      <Filter>Resource Files</Filter>
    </Image>
    <Image Include="themes\dark\darkstyle\icon_radiobutton_unchecked.png">
      <Filter>Resource Files</Filter>
    </Image>
    <Image Include="themes\dark\darkstyle\icon_radiobutton_unchecked_disabled.png">
      <Filter>Resource Files</Filter>
    </Image>
    <Image Include="themes\dark\darkstyle\icon_radiobutton_unchecked_pressed.png">
      <Filter>Resource Files</Filter>
    </Image>
    <Image Include="themes\dark\darkstyle\icon_restore.png">
      <Filter>Resource Files</Filter>
    </Image>
    <Image Include="themes\dark\darkstyle\icon_undock.png">
      <Filter>Resource Files</Filter>
    </Image>
    <Image Include="themes\dark\darkstyle\icon_vline.png">
      <Filter>Resource Files</Filter>
    </Image>
    <Image Include="themes\dark\images\icon_window_close.png">
      <Filter>Resource Files</Filter>
    </Image>
    <Image Include="themes\dark\images\icon_window_maximize.png">
      <Filter>Resource Files</Filter>
    </Image>
    <Image Include="themes\dark\images\icon_window_minimize.png">
      <Filter>Resource Files</Filter>
    </Image>
    <Image Include="themes\dark\images\icon_window_restore.png">
      <Filter>Resource Files</Filter>
    </Image>
  </ItemGroup>
  <ItemGroup>
    <ClInclude Include="src\log\CustomLogMessageHandler.h">
      <Filter>Header Files</Filter>
    </ClInclude>
    <ClInclude Include="src\settings\GlobalSettings.h">
      <Filter>Header Files</Filter>
    </ClInclude>
    <ClInclude Include="src\utility\Random.h">
      <Filter>Header Files</Filter>
    </ClInclude>
    <ClInclude Include="src\global.h">
      <Filter>Header Files</Filter>
    </ClInclude>
    <ClInclude Include="src\utility\assert.h">
      <Filter>Header Files</Filter>
    </ClInclude>
    <ClInclude Include="src\core\extras\NtExtras.h">
      <Filter>Header Files</Filter>
    </ClInclude>
    <ClInclude Include="libs\ntdll\ntdll.h">
      <Filter>Header Files</Filter>
    </ClInclude>
    <ClInclude Include="src\core\module\module_types.h">
      <Filter>Header Files</Filter>
    </ClInclude>
  </ItemGroup>
</Project>